
Microsoft Visual Studio Solution File, Format Version 12.00
# Visual Studio 15
VisualStudioVersion = 15.0.27428.2043
MinimumVisualStudioVersion = 10.0.40219.1
Project("{FAE04EC0-301F-11D3-BF4B-00C04F79EFBC}") = "SPIClient", "SPIClient\SPIClient.csproj", "{3BB60A49-EBA4-4099-8756-95A654A9329E}"
EndProject
Project("{FAE04EC0-301F-11D3-BF4B-00C04F79EFBC}") = "SPIClient.Test", "SPIClient.Test\SPIClient.Test.csproj", "{3345E093-A13E-408A-ADA4-FDCBF975EB08}"
EndProject
Global
	GlobalSection(SolutionConfigurationPlatforms) = preSolution
		Debug|Any CPU = Debug|Any CPU
		Release|Any CPU = Release|Any CPU
	EndGlobalSection
	GlobalSection(ProjectConfigurationPlatforms) = postSolution
		{3BB60A49-EBA4-4099-8756-95A654A9329E}.Debug|Any CPU.ActiveCfg = Debug|Any CPU
		{3BB60A49-EBA4-4099-8756-95A654A9329E}.Debug|Any CPU.Build.0 = Debug|Any CPU
		{3BB60A49-EBA4-4099-8756-95A654A9329E}.Release|Any CPU.ActiveCfg = Release|Any CPU
		{3BB60A49-EBA4-4099-8756-95A654A9329E}.Release|Any CPU.Build.0 = Release|Any CPU
		{3345E093-A13E-408A-ADA4-FDCBF975EB08}.Debug|Any CPU.ActiveCfg = Debug|Any CPU
		{3345E093-A13E-408A-ADA4-FDCBF975EB08}.Debug|Any CPU.Build.0 = Debug|Any CPU
		{3345E093-A13E-408A-ADA4-FDCBF975EB08}.Release|Any CPU.ActiveCfg = Release|Any CPU
		{3345E093-A13E-408A-ADA4-FDCBF975EB08}.Release|Any CPU.Build.0 = Release|Any CPU
	EndGlobalSection
	GlobalSection(SolutionProperties) = preSolution
		HideSolutionNode = FALSE
	EndGlobalSection
	GlobalSection(ExtensibilityGlobals) = postSolution
		SolutionGuid = {2B299657-FC8F-4F39-9214-14A9E35DE6C0}
	EndGlobalSection
EndGlobal
