
Microsoft Visual Studio Solution File, Format Version 12.00
# Visual Studio 15
VisualStudioVersion = 15.0.27428.2043
MinimumVisualStudioVersion = 10.0.40219.1
Project("{9A19103F-16F7-4668-BE54-9A1E7A4F7556}") = "SPIClient", "SPIClient\SPIClient.csproj", "{9C678AEC-7853-4354-A15A-9C4794C0D0E9}"
EndProject
Project("{FAE04EC0-301F-11D3-BF4B-00C04F79EFBC}") = "SPIClient.Test", "SPIClient.Test\SPIClient.Test.csproj", "{419E3087-F64C-4859-801F-0D9B99052547}"
EndProject
Global
	GlobalSection(SolutionConfigurationPlatforms) = preSolution
		Debug|Any CPU = Debug|Any CPU
		Release|Any CPU = Release|Any CPU
	EndGlobalSection
	GlobalSection(ProjectConfigurationPlatforms) = postSolution
		{9C678AEC-7853-4354-A15A-9C4794C0D0E9}.Debug|Any CPU.ActiveCfg = Debug|Any CPU
		{9C678AEC-7853-4354-A15A-9C4794C0D0E9}.Debug|Any CPU.Build.0 = Debug|Any CPU
		{9C678AEC-7853-4354-A15A-9C4794C0D0E9}.Release|Any CPU.ActiveCfg = Release|Any CPU
		{9C678AEC-7853-4354-A15A-9C4794C0D0E9}.Release|Any CPU.Build.0 = Release|Any CPU
		{419E3087-F64C-4859-801F-0D9B99052547}.Debug|Any CPU.ActiveCfg = Debug|Any CPU
		{419E3087-F64C-4859-801F-0D9B99052547}.Debug|Any CPU.Build.0 = Debug|Any CPU
		{419E3087-F64C-4859-801F-0D9B99052547}.Release|Any CPU.ActiveCfg = Release|Any CPU
		{419E3087-F64C-4859-801F-0D9B99052547}.Release|Any CPU.Build.0 = Release|Any CPU
	EndGlobalSection
	GlobalSection(SolutionProperties) = preSolution
		HideSolutionNode = FALSE
	EndGlobalSection
	GlobalSection(ExtensibilityGlobals) = postSolution
		SolutionGuid = {2B299657-FC8F-4F39-9214-14A9E35DE6C0}
	EndGlobalSection
EndGlobal
